
Microsoft Visual Studio Solution File, Format Version 12.00
# Visual Studio 15
VisualStudioVersion = 15.0.28307.489
MinimumVisualStudioVersion = 10.0.40219.1
Project("{9A19103F-16F7-4668-BE54-9A1E7A4F7556}") = "Mvc_Data_Assignment_Repeat", "Mvc_Data_Assignment_Repeat\Mvc_Data_Assignment_Repeat.csproj", "{D0DAEC5C-3576-4384-8DB1-2AEE93CA9314}"
EndProject
Project("{FAE04EC0-301F-11D3-BF4B-00C04F79EFBC}") = "Mvc_Data_Assignment_Testing", "Mvc_Data_Assignment_Testing\Mvc_Data_Assignment_Testing.csproj", "{F7DDF44E-A973-4525-A374-FEC8AA849A3C}"
EndProject
Global
	GlobalSection(SolutionConfigurationPlatforms) = preSolution
		Debug|Any CPU = Debug|Any CPU
		Release|Any CPU = Release|Any CPU
	EndGlobalSection
	GlobalSection(ProjectConfigurationPlatforms) = postSolution
		{D0DAEC5C-3576-4384-8DB1-2AEE93CA9314}.Debug|Any CPU.ActiveCfg = Debug|Any CPU
		{D0DAEC5C-3576-4384-8DB1-2AEE93CA9314}.Debug|Any CPU.Build.0 = Debug|Any CPU
		{D0DAEC5C-3576-4384-8DB1-2AEE93CA9314}.Release|Any CPU.ActiveCfg = Release|Any CPU
		{D0DAEC5C-3576-4384-8DB1-2AEE93CA9314}.Release|Any CPU.Build.0 = Release|Any CPU
		{F7DDF44E-A973-4525-A374-FEC8AA849A3C}.Debug|Any CPU.ActiveCfg = Debug|Any CPU
		{F7DDF44E-A973-4525-A374-FEC8AA849A3C}.Debug|Any CPU.Build.0 = Debug|Any CPU
		{F7DDF44E-A973-4525-A374-FEC8AA849A3C}.Release|Any CPU.ActiveCfg = Release|Any CPU
		{F7DDF44E-A973-4525-A374-FEC8AA849A3C}.Release|Any CPU.Build.0 = Release|Any CPU
	EndGlobalSection
	GlobalSection(SolutionProperties) = preSolution
		HideSolutionNode = FALSE
	EndGlobalSection
	GlobalSection(ExtensibilityGlobals) = postSolution
		SolutionGuid = {12F1826E-F313-45DC-AD5C-F41B803B0975}
	EndGlobalSection
EndGlobal
